Microsoft Visual Studio Solution File, Format Version 12.00
# Visual Studio Version 17
VisualStudioVersion = 17.5.2.0
MinimumVisualStudioVersion = 10.0.40219.1
Project("{FAE04EC0-301F-11D3-BF4B-00C04F79EFBC}") = "Biblix", "Biblix.csproj", "{5C4C0CA9-7FA6-DA4D-6D12-FC528352372E}"
EndProject
Global
	GlobalSection(SolutionConfigurationPlatforms) = preSolution
		Debug|Any CPU = Debug|Any CPU
		Release|Any CPU = Release|Any CPU
	EndGlobalSection
	GlobalSection(ProjectConfigurationPlatforms) = postSolution
		{5C4C0CA9-7FA6-DA4D-6D12-FC528352372E}.Debug|Any CPU.ActiveCfg = Debug|Any CPU
		{5C4C0CA9-7FA6-DA4D-6D12-FC528352372E}.Debug|Any CPU.Build.0 = Debug|Any CPU
		{5C4C0CA9-7FA6-DA4D-6D12-FC528352372E}.Release|Any CPU.ActiveCfg = Release|Any CPU
		{5C4C0CA9-7FA6-DA4D-6D12-FC528352372E}.Release|Any CPU.Build.0 = Release|Any CPU
	EndGlobalSection
	GlobalSection(SolutionProperties) = preSolution
		HideSolutionNode = FALSE
	EndGlobalSection
	GlobalSection(ExtensibilityGlobals) = postSolution
		SolutionGuid = {464BC78D-CBB9-47F5-BDD1-701DB8278CB1}
	EndGlobalSection
EndGlobal
